
Microsoft Visual Studio Solution File, Format Version 12.00
# Visual Studio Version 17
VisualStudioVersion = 17.8.34330.188
MinimumVisualStudioVersion = 10.0.40219.1
Project("{FAE04EC0-301F-11D3-BF4B-00C04F79EFBC}") = "shar_predskazaniy", "shar_predskazaniy\shar_predskazaniy.csproj", "{54B25A46-DCAA-4054-8D82-2EBC38CB7953}"
EndProject
Global
	GlobalSection(SolutionConfigurationPlatforms) = preSolution
		Debug|Any CPU = Debug|Any CPU
		Release|Any CPU = Release|Any CPU
	EndGlobalSection
	GlobalSection(ProjectConfigurationPlatforms) = postSolution
		{54B25A46-DCAA-4054-8D82-2EBC38CB7953}.Debug|Any CPU.ActiveCfg = Debug|Any CPU
		{54B25A46-DCAA-4054-8D82-2EBC38CB7953}.Debug|Any CPU.Build.0 = Debug|Any CPU
		{54B25A46-DCAA-4054-8D82-2EBC38CB7953}.Release|Any CPU.ActiveCfg = Release|Any CPU
		{54B25A46-DCAA-4054-8D82-2EBC38CB7953}.Release|Any CPU.Build.0 = Release|Any CPU
	EndGlobalSection
	GlobalSection(SolutionProperties) = preSolution
		HideSolutionNode = FALSE
	EndGlobalSection
	GlobalSection(ExtensibilityGlobals) = postSolution
		SolutionGuid = {EA442805-93CE-4F75-911F-4828E2529817}
	EndGlobalSection
EndGlobal
